# This file is autogenerated, do not edit; changes may be undone by the next 'dep ensure'.


[[projects]]
  name = "github.com/BurntSushi/toml"
  packages = ["."]
  revision = "b26d9c308763d68093482582cea63d69be07a0f0"
  version = "v0.3.0"

[[projects]]
  branch = "master"
  name = "github.com/Unknwon/i18n"
  packages = ["."]
  revision = "b64d336589669d317928070e70ba0ae558f16633"

[[projects]]
  branch = "master"
  name = "github.com/VividCortex/godaemon"
  packages = ["."]
  revision = "3d9f6e0b234fe7d17448b345b2e14ac05814a758"

[[projects]]
  name = "github.com/go-ini/ini"
  packages = ["."]
  revision = "06f5f3d67269ccec1fe5fe4134ba6e982984f7f5"
  version = "v1.37.0"

[[projects]]
  branch = "master"
  name = "github.com/jinzhu/configor"
  packages = ["."]
  revision = "4edaf76fe18865e36de734d887f4c01bd05707af"

[[projects]]
  branch = "master"
  name = "github.com/kardianos/osext"
  packages = ["."]
  revision = "ae77be60afb1dcacde03767a8c37337fad28ac14"

[[projects]]
  branch = "master"
  name = "github.com/mlabouardy/dialogflow-go-client"
  packages = [
    ".",
    "models"
  ]
  revision = "c32f04afcbd8d31dfde348b1a3c7bfe49e9320c3"

[[projects]]
  branch = "master"
  name = "github.com/mlabouardy/moviedb"
  packages = ["."]
  revision = "4292f0d283bd6dc98ebe4ea0a9235a87857e8c37"

[[projects]]
  name = "github.com/pkg/errors"
  packages = ["."]
  revision = "645ef00459ed84a119197bfb8d8205042c6df63d"
  version = "v0.8.0"

[[projects]]
  name = "github.com/satori/go.uuid"
  packages = ["."]
  revision = "f58768cc1a7a7e77a3bd49e98cdd21419399b6a3"
  version = "v1.2.0"

[[projects]]
  name = "github.com/sirupsen/logrus"
  packages = ["."]
  revision = "c155da19408a8799da419ed3eeb0cb5db0ad5dbc"
  version = "v1.0.5"

[[projects]]
  branch = "master"
  name = "golang.org/x/crypto"
  packages = ["ssh/terminal"]
  revision = "a49355c7e3f8fe157a85be2f77e6e269a0f89602"

[[projects]]
  branch = "master"
  name = "golang.org/x/net"
  packages = [
    "html",
    "html/atom"
  ]
  revision = "afe8f62b1d6bbd81f31868121a50b06d8188e1f9"

[[projects]]
  branch = "master"
  name = "golang.org/x/sys"
  packages = [
    "unix",
    "windows"
  ]
  revision = "63fc586f45fe72d95d5240a5d5eb95e6503907d3"

[[projects]]
  name = "golang.org/x/text"
  packages = [
    "internal/gen",
    "internal/tag",
    "language",
    "unicode/cldr"
  ]
  revision = "f21a4dfb5e38f5895301dc265a8def02365cc3d0"
  version = "v0.3.0"

[[projects]]
  name = "gopkg.in/ini.v1"
  packages = ["."]
  revision = "06f5f3d67269ccec1fe5fe4134ba6e982984f7f5"
  version = "v1.37.0"

[[projects]]
  branch = "v2"
  name = "gopkg.in/tucnak/telebot.v2"
  packages = ["."]
  revision = "743778f69e925ca80651235174e188793e7ed653"

[[projects]]
  name = "gopkg.in/yaml.v2"
  packages = ["."]
  revision = "5420a8b6744d3b0345ab293f6fcba19c978f1183"
  version = "v2.2.1"

[solve-meta]
  analyzer-name = "dep"
  analyzer-version = 1
  inputs-digest = "b8447404b5fc1cf95d9752b83a9aac4f4879e3e1f55a10d2970d5f9e7701eb26"
  solver-name = "gps-cdcl"
  solver-version = 1
